
Microsoft Visual Studio Solution File, Format Version 12.00
# Visual Studio 15
VisualStudioVersion = 15.0.26228.9
MinimumVisualStudioVersion = 10.0.40219.1
Project("{FAE04EC0-301F-11D3-BF4B-00C04F79EFBC}") = "DynamicUrl", "DynamicUrl\DynamicUrl.csproj", "{1D26E6D9-C906-4F1F-9BB0-4C6A03BE6E81}"
EndProject
Project("{FAE04EC0-301F-11D3-BF4B-00C04F79EFBC}") = "DynamicUrl.TestClient", "DynamicUrl.TestClient\DynamicUrl.TestClient.csproj", "{8B302381-84B3-4550-8586-C431715F2118}"
EndProject
Global
	GlobalSection(SolutionConfigurationPlatforms) = preSolution
		Debug|Any CPU = Debug|Any CPU
		Release|Any CPU = Release|Any CPU
	EndGlobalSection
	GlobalSection(ProjectConfigurationPlatforms) = postSolution
		{1D26E6D9-C906-4F1F-9BB0-4C6A03BE6E81}.Debug|Any CPU.ActiveCfg = Debug|Any CPU
		{1D26E6D9-C906-4F1F-9BB0-4C6A03BE6E81}.Debug|Any CPU.Build.0 = Debug|Any CPU
		{1D26E6D9-C906-4F1F-9BB0-4C6A03BE6E81}.Release|Any CPU.ActiveCfg = Release|Any CPU
		{1D26E6D9-C906-4F1F-9BB0-4C6A03BE6E81}.Release|Any CPU.Build.0 = Release|Any CPU
		{8B302381-84B3-4550-8586-C431715F2118}.Debug|Any CPU.ActiveCfg = Debug|Any CPU
		{8B302381-84B3-4550-8586-C431715F2118}.Debug|Any CPU.Build.0 = Debug|Any CPU
		{8B302381-84B3-4550-8586-C431715F2118}.Release|Any CPU.ActiveCfg = Release|Any CPU
		{8B302381-84B3-4550-8586-C431715F2118}.Release|Any CPU.Build.0 = Release|Any CPU
	EndGlobalSection
	GlobalSection(SolutionProperties) = preSolution
		HideSolutionNode = FALSE
	EndGlobalSection
EndGlobal
